{
  "name": "romain-millan-website",
  "version": "1.0.0",
  "lockfileVersion": 3,
  "requires": true,
  "packages": {
    "": {
      "name": "romain-millan-website",
      "version": "1.0.0",
      "dependencies": {
        "@hotwired/turbo-rails": "^8.0.3"
      }
    },
    "node_modules/@hotwired/turbo": {
      "version": "8.0.10",
      "resolved": "https://registry.npmjs.org/@hotwired/turbo/-/turbo-8.0.10.tgz",
      "integrity": "sha512-xen1YhNQirAHlA8vr/444XsTNITC1Il2l/Vx4w8hAWPpI5nQO78mVHNsmFuayETodzPwh25ob2TgfCEV/Loiog==",
      "engines": {
        "node": ">= 14"
      }
    },
    "node_modules/@hotwired/turbo-rails": {
      "version": "8.0.10",
      "resolved": "https://registry.npmjs.org/@hotwired/turbo-rails/-/turbo-rails-8.0.10.tgz",
      "integrity": "sha512-BkERfjTbNwMb9/YQi0RL9+f9zkD+dZH2klEONtGwXrIE3O9BE1937Nn9++koZpDryD4XN3zE5U5ibyWoYJAWBg==",
      "dependencies": {
        "@hotwired/turbo": "^8.0.6",
        "@rails/actioncable": "^7.0"
      }
    },
    "node_modules/@rails/actioncable": {
      "version": "7.2.100",
      "resolved": "https://registry.npmjs.org/@rails/actioncable/-/actioncable-7.2.100.tgz",
      "integrity": "sha512-7xtIENf0Yw59AFDM3+xqxPCZxev3QVAqjPmUzmgsB9eL8S/zTpB0IU9srNc7XknzJI4e09XKNnCaJRx3gfYzXA=="
    }
  }
}
